
Microsoft Visual Studio Solution File, Format Version 12.00
# Visual Studio Version 17
VisualStudioVersion = 17.8.34601.278
MinimumVisualStudioVersion = 10.0.40219.1
Project("{9A19103F-16F7-4668-BE54-9A1E7A4F7556}") = "atmos", "atmos.csproj", "{98AF6B1F-D0BE-43DF-884D-B43C622F2091}"
EndProject
Project("{FAE04EC0-301F-11D3-BF4B-00C04F79EFBC}") = "TestUnitATMOS", "..\TestUnitATMOS\TestUnitATMOS.csproj", "{92A74253-0331-4EE2-8706-623551206505}"
EndProject
Global
	GlobalSection(SolutionConfigurationPlatforms) = preSolution
		Debug|Any CPU = Debug|Any CPU
		Release|Any CPU = Release|Any CPU
	EndGlobalSection
	GlobalSection(ProjectConfigurationPlatforms) = postSolution
		{98AF6B1F-D0BE-43DF-884D-B43C622F2091}.Debug|Any CPU.ActiveCfg = Debug|Any CPU
		{98AF6B1F-D0BE-43DF-884D-B43C622F2091}.Debug|Any CPU.Build.0 = Debug|Any CPU
		{98AF6B1F-D0BE-43DF-884D-B43C622F2091}.Release|Any CPU.ActiveCfg = Release|Any CPU
		{98AF6B1F-D0BE-43DF-884D-B43C622F2091}.Release|Any CPU.Build.0 = Release|Any CPU
		{92A74253-0331-4EE2-8706-623551206505}.Debug|Any CPU.ActiveCfg = Debug|Any CPU
		{92A74253-0331-4EE2-8706-623551206505}.Debug|Any CPU.Build.0 = Debug|Any CPU
		{92A74253-0331-4EE2-8706-623551206505}.Release|Any CPU.ActiveCfg = Release|Any CPU
		{92A74253-0331-4EE2-8706-623551206505}.Release|Any CPU.Build.0 = Release|Any CPU
	EndGlobalSection
	GlobalSection(SolutionProperties) = preSolution
		HideSolutionNode = FALSE
	EndGlobalSection
	GlobalSection(ExtensibilityGlobals) = postSolution
		SolutionGuid = {065B820C-4612-4028-BB6B-F697A66DE907}
	EndGlobalSection
EndGlobal
